// !$*UTF8*$!
{
	archiveVersion = 1;
	classes = {
	};
	objectVersion = 77;
	objects = {

/* Begin PBXBuildFile section */
		D88E95ED2CC6A01C003152D7 /* safari-bookmarks-highlighter Extension.appex in Embed Foundation Extensions */ = {isa = PBXBuildFile; fileRef = D88E95EC2CC6A01C003152D7 /* safari-bookmarks-highlighter Extension.appex */; settings = {ATTRIBUTES = (RemoveHeadersOnCopy, ); }; };
		D88E95F72CC6A01C003152D7 /* safari-bookmarks-highlighter Extension.appex in Embed Foundation Extensions */ = {isa = PBXBuildFile; fileRef = D88E95F62CC6A01C003152D7 /* safari-bookmarks-highlighter Extension.appex */; settings = {ATTRIBUTES = (RemoveHeadersOnCopy, ); }; };
/* End PBXBuildFile section */

/* Begin PBXContainerItemProxy section */
		D88E95EE2CC6A01C003152D7 /* PBXContainerItemProxy */ = {
			isa = PBXContainerItemProxy;
			containerPortal = D88E95B22CC6A01B003152D7 /* Project object */;
			proxyType = 1;
			remoteGlobalIDString = D88E95EB2CC6A01C003152D7;
			remoteInfo = "safari-bookmarks-highlighter Extension (iOS)";
		};
		D88E95F82CC6A01C003152D7 /* PBXContainerItemProxy */ = {
			isa = PBXContainerItemProxy;
			containerPortal = D88E95B22CC6A01B003152D7 /* Project object */;
			proxyType = 1;
			remoteGlobalIDString = D88E95F52CC6A01C003152D7;
			remoteInfo = "safari-bookmarks-highlighter Extension (macOS)";
		};
/* End PBXContainerItemProxy section */

/* Begin PBXCopyFilesBuildPhase section */
		D88E96202CC6A01C003152D7 /* Embed Foundation Extensions */ = {
			isa = PBXCopyFilesBuildPhase;
			buildActionMask = 2147483647;
			dstPath = "";
			dstSubfolderSpec = 13;
			files = (
				D88E95ED2CC6A01C003152D7 /* safari-bookmarks-highlighter Extension.appex in Embed Foundation Extensions */,
			);
			name = "Embed Foundation Extensions";
			runOnlyForDeploymentPostprocessing = 0;
		};
		D88E962A2CC6A01C003152D7 /* Embed Foundation Extensions */ = {
			isa = PBXCopyFilesBuildPhase;
			buildActionMask = 2147483647;
			dstPath = "";
			dstSubfolderSpec = 13;
			files = (
				D88E95F72CC6A01C003152D7 /* safari-bookmarks-highlighter Extension.appex in Embed Foundation Extensions */,
			);
			name = "Embed Foundation Extensions";
			runOnlyForDeploymentPostprocessing = 0;
		};
/* End PBXCopyFilesBuildPhase section */

/* Begin PBXFileReference section */
		D88E95CE2CC6A01C003152D7 /* safari-bookmarks-highlighter.app */ = {isa = PBXFileReference; explicitFileType = wrapper.application; includeInIndex = 0; path = "safari-bookmarks-highlighter.app"; sourceTree = BUILT_PRODUCTS_DIR; };
		D88E95E02CC6A01C003152D7 /* safari-bookmarks-highlighter.app */ = {isa = PBXFileReference; explicitFileType = wrapper.application; includeInIndex = 0; path = "safari-bookmarks-highlighter.app"; sourceTree = BUILT_PRODUCTS_DIR; };
		D88E95EC2CC6A01C003152D7 /* safari-bookmarks-highlighter Extension.appex */ = {isa = PBXFileReference; explicitFileType = "wrapper.app-extension"; includeInIndex = 0; path = "safari-bookmarks-highlighter Extension.appex"; sourceTree = BUILT_PRODUCTS_DIR; };
		D88E95F62CC6A01C003152D7 /* safari-bookmarks-highlighter Extension.appex */ = {isa = PBXFileReference; explicitFileType = "wrapper.app-extension"; includeInIndex = 0; path = "safari-bookmarks-highlighter Extension.appex"; sourceTree = BUILT_PRODUCTS_DIR; };
/* End PBXFileReference section */

/* Begin PBXFileSystemSynchronizedBuildFileExceptionSet section */
		D88E961B2CC6A01C003152D7 /* Exceptions for "Shared (App)" folder in "safari-bookmarks-highlighter (iOS)" target */ = {
			isa = PBXFileSystemSynchronizedBuildFileExceptionSet;
			membershipExceptions = (
				"/Localized: Resources/Main.html",
				Assets.xcassets,
				Resources/Icon.png,
				Resources/Script.js,
				Resources/Style.css,
				ViewController.swift,
			);
			target = D88E95CD2CC6A01C003152D7 /* safari-bookmarks-highlighter (iOS) */;
		};
		D88E961F2CC6A01C003152D7 /* Exceptions for "iOS (Extension)" folder in "safari-bookmarks-highlighter Extension (iOS)" target */ = {
			isa = PBXFileSystemSynchronizedBuildFileExceptionSet;
			membershipExceptions = (
				Info.plist,
			);
			target = D88E95EB2CC6A01C003152D7 /* safari-bookmarks-highlighter Extension (iOS) */;
		};
		D88E96242CC6A01C003152D7 /* Exceptions for "iOS (App)" folder in "safari-bookmarks-highlighter (iOS)" target */ = {
			isa = PBXFileSystemSynchronizedBuildFileExceptionSet;
			membershipExceptions = (
				Info.plist,
			);
			target = D88E95CD2CC6A01C003152D7 /* safari-bookmarks-highlighter (iOS) */;
		};
		D88E96252CC6A01C003152D7 /* Exceptions for "Shared (App)" folder in "safari-bookmarks-highlighter (macOS)" target */ = {
			isa = PBXFileSystemSynchronizedBuildFileExceptionSet;
			membershipExceptions = (
				"/Localized: Resources/Main.html",
				Assets.xcassets,
				Resources/Icon.png,
				Resources/Script.js,
				Resources/Style.css,
				ViewController.swift,
			);
			target = D88E95DF2CC6A01C003152D7 /* safari-bookmarks-highlighter (macOS) */;
		};
		D88E96292CC6A01C003152D7 /* Exceptions for "macOS (Extension)" folder in "safari-bookmarks-highlighter Extension (macOS)" target */ = {
			isa = PBXFileSystemSynchronizedBuildFileExceptionSet;
			membershipExceptions = (
				Info.plist,
			);
			target = D88E95F52CC6A01C003152D7 /* safari-bookmarks-highlighter Extension (macOS) */;
		};
		D88E962E2CC6A01C003152D7 /* Exceptions for "Shared (Extension)" folder in "safari-bookmarks-highlighter Extension (iOS)" target */ = {
			isa = PBXFileSystemSynchronizedBuildFileExceptionSet;
			membershipExceptions = (
				Resources/_locales,
				Resources/background.js,
				Resources/content.js,
				Resources/images,
				Resources/manifest.json,
				Resources/popup.css,
				Resources/popup.html,
				Resources/popup.js,
				SafariWebExtensionHandler.swift,
			);
			target = D88E95EB2CC6A01C003152D7 /* safari-bookmarks-highlighter Extension (iOS) */;
		};
		D88E962F2CC6A01C003152D7 /* Exceptions for "Shared (Extension)" folder in "safari-bookmarks-highlighter Extension (macOS)" target */ = {
			isa = PBXFileSystemSynchronizedBuildFileExceptionSet;
			membershipExceptions = (
				Resources/_locales,
				Resources/background.js,
				Resources/content.js,
				Resources/images,
				Resources/manifest.json,
				Resources/popup.css,
				Resources/popup.html,
				Resources/popup.js,
				SafariWebExtensionHandler.swift,
			);
			target = D88E95F52CC6A01C003152D7 /* safari-bookmarks-highlighter Extension (macOS) */;
		};
/* End PBXFileSystemSynchronizedBuildFileExceptionSet section */

/* Begin PBXFileSystemSynchronizedRootGroup section */
		D88E95B62CC6A01B003152D7 /* Shared (App) */ = {
			isa = PBXFileSystemSynchronizedRootGroup;
			exceptions = (
				D88E961B2CC6A01C003152D7 /* Exceptions for "Shared (App)" folder in "safari-bookmarks-highlighter (iOS)" target */,
				D88E96252CC6A01C003152D7 /* Exceptions for "Shared (App)" folder in "safari-bookmarks-highlighter (macOS)" target */,
			);
			path = "Shared (App)";
			sourceTree = "<group>";
		};
		D88E95BF2CC6A01C003152D7 /* Shared (Extension) */ = {
			isa = PBXFileSystemSynchronizedRootGroup;
			exceptions = (
				D88E962E2CC6A01C003152D7 /* Exceptions for "Shared (Extension)" folder in "safari-bookmarks-highlighter Extension (iOS)" target */,
				D88E962F2CC6A01C003152D7 /* Exceptions for "Shared (Extension)" folder in "safari-bookmarks-highlighter Extension (macOS)" target */,
			);
			explicitFolders = (
				Resources/_locales,
				Resources/images,
			);
			path = "Shared (Extension)";
			sourceTree = "<group>";
		};
		D88E95D02CC6A01C003152D7 /* iOS (App) */ = {
			isa = PBXFileSystemSynchronizedRootGroup;
			exceptions = (
				D88E96242CC6A01C003152D7 /* Exceptions for "iOS (App)" folder in "safari-bookmarks-highlighter (iOS)" target */,
			);
			path = "iOS (App)";
			sourceTree = "<group>";
		};
		D88E95E12CC6A01C003152D7 /* macOS (App) */ = {
			isa = PBXFileSystemSynchronizedRootGroup;
			path = "macOS (App)";
			sourceTree = "<group>";
		};
		D88E95F02CC6A01C003152D7 /* iOS (Extension) */ = {
			isa = PBXFileSystemSynchronizedRootGroup;
			exceptions = (
				D88E961F2CC6A01C003152D7 /* Exceptions for "iOS (Extension)" folder in "safari-bookmarks-highlighter Extension (iOS)" target */,
			);
			path = "iOS (Extension)";
			sourceTree = "<group>";
		};
		D88E95FA2CC6A01C003152D7 /* macOS (Extension) */ = {
			isa = PBXFileSystemSynchronizedRootGroup;
			exceptions = (
				D88E96292CC6A01C003152D7 /* Exceptions for "macOS (Extension)" folder in "safari-bookmarks-highlighter Extension (macOS)" target */,
			);
			path = "macOS (Extension)";
			sourceTree = "<group>";
		};
/* End PBXFileSystemSynchronizedRootGroup section */

/* Begin PBXFrameworksBuildPhase section */
		D88E95CB2CC6A01C003152D7 /* Frameworks */ = {
			isa = PBXFrameworksBuildPhase;
			buildActionMask = 2147483647;
			files = (
			);
			runOnlyForDeploymentPostprocessing = 0;
		};
		D88E95DD2CC6A01C003152D7 /* Frameworks */ = {
			isa = PBXFrameworksBuildPhase;
			buildActionMask = 2147483647;
			files = (
			);
			runOnlyForDeploymentPostprocessing = 0;
		};
		D88E95E92CC6A01C003152D7 /* Frameworks */ = {
			isa = PBXFrameworksBuildPhase;
			buildActionMask = 2147483647;
			files = (
			);
			runOnlyForDeploymentPostprocessing = 0;
		};
		D88E95F32CC6A01C003152D7 /* Frameworks */ = {
			isa = PBXFrameworksBuildPhase;
			buildActionMask = 2147483647;
			files = (
			);
			runOnlyForDeploymentPostprocessing = 0;
		};
/* End PBXFrameworksBuildPhase section */

/* Begin PBXGroup section */
		D88E95B12CC6A01B003152D7 = {
			isa = PBXGroup;
			children = (
				D88E95B62CC6A01B003152D7 /* Shared (App) */,
				D88E95BF2CC6A01C003152D7 /* Shared (Extension) */,
				D88E95D02CC6A01C003152D7 /* iOS (App) */,
				D88E95E12CC6A01C003152D7 /* macOS (App) */,
				D88E95F02CC6A01C003152D7 /* iOS (Extension) */,
				D88E95FA2CC6A01C003152D7 /* macOS (Extension) */,
				D88E95CF2CC6A01C003152D7 /* Products */,
			);
			sourceTree = "<group>";
		};
		D88E95CF2CC6A01C003152D7 /* Products */ = {
			isa = PBXGroup;
			children = (
				D88E95CE2CC6A01C003152D7 /* safari-bookmarks-highlighter.app */,
				D88E95E02CC6A01C003152D7 /* safari-bookmarks-highlighter.app */,
				D88E95EC2CC6A01C003152D7 /* safari-bookmarks-highlighter Extension.appex */,
				D88E95F62CC6A01C003152D7 /* safari-bookmarks-highlighter Extension.appex */,
			);
			name = Products;
			sourceTree = "<group>";
		};
/* End PBXGroup section */

/* Begin PBXNativeTarget section */
		D88E95CD2CC6A01C003152D7 /* safari-bookmarks-highlighter (iOS) */ = {
			isa = PBXNativeTarget;
			buildConfigurationList = D88E96212CC6A01C003152D7 /* Build configuration list for PBXNativeTarget "safari-bookmarks-highlighter (iOS)" */;
			buildPhases = (
				D88E95CA2CC6A01C003152D7 /* Sources */,
				D88E95CB2CC6A01C003152D7 /* Frameworks */,
				D88E95CC2CC6A01C003152D7 /* Resources */,
				D88E96202CC6A01C003152D7 /* Embed Foundation Extensions */,
			);
			buildRules = (
			);
			dependencies = (
				D88E95EF2CC6A01C003152D7 /* PBXTargetDependency */,
			);
			fileSystemSynchronizedGroups = (
				D88E95D02CC6A01C003152D7 /* iOS (App) */,
			);
			name = "safari-bookmarks-highlighter (iOS)";
			packageProductDependencies = (
			);
			productName = "safari-bookmarks-highlighter (iOS)";
			productReference = D88E95CE2CC6A01C003152D7 /* safari-bookmarks-highlighter.app */;
			productType = "com.apple.product-type.application";
		};
		D88E95DF2CC6A01C003152D7 /* safari-bookmarks-highlighter (macOS) */ = {
			isa = PBXNativeTarget;
			buildConfigurationList = D88E962B2CC6A01C003152D7 /* Build configuration list for PBXNativeTarget "safari-bookmarks-highlighter (macOS)" */;
			buildPhases = (
				D88E95DC2CC6A01C003152D7 /* Sources */,
				D88E95DD2CC6A01C003152D7 /* Frameworks */,
				D88E95DE2CC6A01C003152D7 /* Resources */,
				D88E962A2CC6A01C003152D7 /* Embed Foundation Extensions */,
			);
			buildRules = (
			);
			dependencies = (
				D88E95F92CC6A01C003152D7 /* PBXTargetDependency */,
			);
			fileSystemSynchronizedGroups = (
				D88E95E12CC6A01C003152D7 /* macOS (App) */,
			);
			name = "safari-bookmarks-highlighter (macOS)";
			packageProductDependencies = (
			);
			productName = "safari-bookmarks-highlighter (macOS)";
			productReference = D88E95E02CC6A01C003152D7 /* safari-bookmarks-highlighter.app */;
			productType = "com.apple.product-type.application";
		};
		D88E95EB2CC6A01C003152D7 /* safari-bookmarks-highlighter Extension (iOS) */ = {
			isa = PBXNativeTarget;
			buildConfigurationList = D88E961C2CC6A01C003152D7 /* Build configuration list for PBXNativeTarget "safari-bookmarks-highlighter Extension (iOS)" */;
			buildPhases = (
				D88E95E82CC6A01C003152D7 /* Sources */,
				D88E95E92CC6A01C003152D7 /* Frameworks */,
				D88E95EA2CC6A01C003152D7 /* Resources */,
			);
			buildRules = (
			);
			dependencies = (
			);
			fileSystemSynchronizedGroups = (
				D88E95F02CC6A01C003152D7 /* iOS (Extension) */,
			);
			name = "safari-bookmarks-highlighter Extension (iOS)";
			packageProductDependencies = (
			);
			productName = "safari-bookmarks-highlighter Extension (iOS)";
			productReference = D88E95EC2CC6A01C003152D7 /* safari-bookmarks-highlighter Extension.appex */;
			productType = "com.apple.product-type.app-extension";
		};
		D88E95F52CC6A01C003152D7 /* safari-bookmarks-highlighter Extension (macOS) */ = {
			isa = PBXNativeTarget;
			buildConfigurationList = D88E96262CC6A01C003152D7 /* Build configuration list for PBXNativeTarget "safari-bookmarks-highlighter Extension (macOS)" */;
			buildPhases = (
				D88E95F22CC6A01C003152D7 /* Sources */,
				D88E95F32CC6A01C003152D7 /* Frameworks */,
				D88E95F42CC6A01C003152D7 /* Resources */,
			);
			buildRules = (
			);
			dependencies = (
			);
			fileSystemSynchronizedGroups = (
				D88E95FA2CC6A01C003152D7 /* macOS (Extension) */,
			);
			name = "safari-bookmarks-highlighter Extension (macOS)";
			packageProductDependencies = (
			);
			productName = "safari-bookmarks-highlighter Extension (macOS)";
			productReference = D88E95F62CC6A01C003152D7 /* safari-bookmarks-highlighter Extension.appex */;
			productType = "com.apple.product-type.app-extension";
		};
/* End PBXNativeTarget section */

/* Begin PBXProject section */
		D88E95B22CC6A01B003152D7 /* Project object */ = {
			isa = PBXProject;
			attributes = {
				BuildIndependentTargetsInParallel = 1;
				LastSwiftUpdateCheck = 1600;
				LastUpgradeCheck = 1600;
				TargetAttributes = {
					D88E95CD2CC6A01C003152D7 = {
						CreatedOnToolsVersion = 16.0;
					};
					D88E95DF2CC6A01C003152D7 = {
						CreatedOnToolsVersion = 16.0;
					};
					D88E95EB2CC6A01C003152D7 = {
						CreatedOnToolsVersion = 16.0;
					};
					D88E95F52CC6A01C003152D7 = {
						CreatedOnToolsVersion = 16.0;
					};
				};
			};
			buildConfigurationList = D88E95B52CC6A01B003152D7 /* Build configuration list for PBXProject "safari-bookmarks-highlighter" */;
			developmentRegion = en;
			hasScannedForEncodings = 0;
			knownRegions = (
				en,
				Base,
			);
			mainGroup = D88E95B12CC6A01B003152D7;
			minimizedProjectReferenceProxies = 1;
			preferredProjectObjectVersion = 77;
			productRefGroup = D88E95CF2CC6A01C003152D7 /* Products */;
			projectDirPath = "";
			projectRoot = "";
			targets = (
				D88E95CD2CC6A01C003152D7 /* safari-bookmarks-highlighter (iOS) */,
				D88E95DF2CC6A01C003152D7 /* safari-bookmarks-highlighter (macOS) */,
				D88E95EB2CC6A01C003152D7 /* safari-bookmarks-highlighter Extension (iOS) */,
				D88E95F52CC6A01C003152D7 /* safari-bookmarks-highlighter Extension (macOS) */,
			);
		};
/* End PBXProject section */

/* Begin PBXResourcesBuildPhase section */
		D88E95CC2CC6A01C003152D7 /* Resources */ = {
			isa = PBXResourcesBuildPhase;
			buildActionMask = 2147483647;
			files = (
			);
			runOnlyForDeploymentPostprocessing = 0;
		};
		D88E95DE2CC6A01C003152D7 /* Resources */ = {
			isa = PBXResourcesBuildPhase;
			buildActionMask = 2147483647;
			files = (
			);
			runOnlyForDeploymentPostprocessing = 0;
		};
		D88E95EA2CC6A01C003152D7 /* Resources */ = {
			isa = PBXResourcesBuildPhase;
			buildActionMask = 2147483647;
			files = (
			);
			runOnlyForDeploymentPostprocessing = 0;
		};
		D88E95F42CC6A01C003152D7 /* Resources */ = {
			isa = PBXResourcesBuildPhase;
			buildActionMask = 2147483647;
			files = (
			);
			runOnlyForDeploymentPostprocessing = 0;
		};
/* End PBXResourcesBuildPhase section */

/* Begin PBXSourcesBuildPhase section */
		D88E95CA2CC6A01C003152D7 /* Sources */ = {
			isa = PBXSourcesBuildPhase;
			buildActionMask = 2147483647;
			files = (
			);
			runOnlyForDeploymentPostprocessing = 0;
		};
		D88E95DC2CC6A01C003152D7 /* Sources */ = {
			isa = PBXSourcesBuildPhase;
			buildActionMask = 2147483647;
			files = (
			);
			runOnlyForDeploymentPostprocessing = 0;
		};
		D88E95E82CC6A01C003152D7 /* Sources */ = {
			isa = PBXSourcesBuildPhase;
			buildActionMask = 2147483647;
			files = (
			);
			runOnlyForDeploymentPostprocessing = 0;
		};
		D88E95F22CC6A01C003152D7 /* Sources */ = {
			isa = PBXSourcesBuildPhase;
			buildActionMask = 2147483647;
			files = (
			);
			runOnlyForDeploymentPostprocessing = 0;
		};
/* End PBXSourcesBuildPhase section */

/* Begin PBXTargetDependency section */
		D88E95EF2CC6A01C003152D7 /* PBXTargetDependency */ = {
			isa = PBXTargetDependency;
			target = D88E95EB2CC6A01C003152D7 /* safari-bookmarks-highlighter Extension (iOS) */;
			targetProxy = D88E95EE2CC6A01C003152D7 /* PBXContainerItemProxy */;
		};
		D88E95F92CC6A01C003152D7 /* PBXTargetDependency */ = {
			isa = PBXTargetDependency;
			target = D88E95F52CC6A01C003152D7 /* safari-bookmarks-highlighter Extension (macOS) */;
			targetProxy = D88E95F82CC6A01C003152D7 /* PBXContainerItemProxy */;
		};
/* End PBXTargetDependency section */

/* Begin XCBuildConfiguration section */
		D88E961D2CC6A01C003152D7 /* Debug */ = {
			isa = XCBuildConfiguration;
			buildSettings = {
				CODE_SIGN_STYLE = Automatic;
				CURRENT_PROJECT_VERSION = 1;
				GENERATE_INFOPLIST_FILE = YES;
				INFOPLIST_FILE = "iOS (Extension)/Info.plist";
				INFOPLIST_KEY_CFBundleDisplayName = "safari-bookmarks-highlighter Extension";
				INFOPLIST_KEY_NSHumanReadableCopyright = "";
				IPHONEOS_DEPLOYMENT_TARGET = 15.0;
				LD_RUNPATH_SEARCH_PATHS = (
					"$(inherited)",
					"@executable_path/Frameworks",
					"@executable_path/../../Frameworks",
				);
				MARKETING_VERSION = 1.0;
				OTHER_LDFLAGS = (
					"-framework",
					SafariServices,
				);
				PRODUCT_BUNDLE_IDENTIFIER = "lessmore.safari-bookmarks-highlighter.Extension";
				PRODUCT_NAME = "safari-bookmarks-highlighter Extension";
				SDKROOT = iphoneos;
				SKIP_INSTALL = YES;
				SWIFT_EMIT_LOC_STRINGS = YES;
				SWIFT_VERSION = 5.0;
				TARGETED_DEVICE_FAMILY = "1,2";
			};
			name = Debug;
		};
		D88E961E2CC6A01C003152D7 /* Release */ = {
			isa = XCBuildConfiguration;
			buildSettings = {
				CODE_SIGN_STYLE = Automatic;
				CURRENT_PROJECT_VERSION = 1;
				GENERATE_INFOPLIST_FILE = YES;
				INFOPLIST_FILE = "iOS (Extension)/Info.plist";
				INFOPLIST_KEY_CFBundleDisplayName = "safari-bookmarks-highlighter Extension";
				INFOPLIST_KEY_NSHumanReadableCopyright = "";
				IPHONEOS_DEPLOYMENT_TARGET = 15.0;
				LD_RUNPATH_SEARCH_PATHS = (
					"$(inherited)",
					"@executable_path/Frameworks",
					"@executable_path/../../Frameworks",
				);
				MARKETING_VERSION = 1.0;
				OTHER_LDFLAGS = (
					"-framework",
					SafariServices,
				);
				PRODUCT_BUNDLE_IDENTIFIER = "lessmore.safari-bookmarks-highlighter.Extension";
				PRODUCT_NAME = "safari-bookmarks-highlighter Extension";
				SDKROOT = iphoneos;
				SKIP_INSTALL = YES;
				SWIFT_EMIT_LOC_STRINGS = YES;
				SWIFT_VERSION = 5.0;
				TARGETED_DEVICE_FAMILY = "1,2";
				VALIDATE_PRODUCT = YES;
			};
			name = Release;
		};
		D88E96222CC6A01C003152D7 /* Debug */ = {
			isa = XCBuildConfiguration;
			buildSettings = {
				ASSETCATALOG_COMPILER_APPICON_NAME = AppIcon;
				ASSETCATALOG_COMPILER_GLOBAL_ACCENT_COLOR_NAME = AccentColor;
				CODE_SIGN_STYLE = Automatic;
				CURRENT_PROJECT_VERSION = 1;
				GENERATE_INFOPLIST_FILE = YES;
				INFOPLIST_FILE = "iOS (App)/Info.plist";
				INFOPLIST_KEY_CFBundleDisplayName = "safari-bookmarks-highlighter";
				INFOPLIST_KEY_UIApplicationSupportsIndirectInputEvents = YES;
				INFOPLIST_KEY_UILaunchStoryboardName = LaunchScreen;
				INFOPLIST_KEY_UIMainStoryboardFile = Main;
				INFOPLIST_KEY_UISupportedInterfaceOrientations = "UIInterfaceOrientationPortrait UIInterfaceOrientationLandscapeLeft UIInterfaceOrientationLandscapeRight";
				INFOPLIST_KEY_UISupportedInterfaceOrientations_iPad = "UIInterfaceOrientationPortrait UIInterfaceOrientationPortraitUpsideDown UIInterfaceOrientationLandscapeLeft UIInterfaceOrientationLandscapeRight";
				IPHONEOS_DEPLOYMENT_TARGET = 15.0;
				LD_RUNPATH_SEARCH_PATHS = (
					"$(inherited)",
					"@executable_path/Frameworks",
				);
				MARKETING_VERSION = 1.0;
				OTHER_LDFLAGS = (
					"-framework",
					SafariServices,
					"-framework",
					WebKit,
				);
				PRODUCT_BUNDLE_IDENTIFIER = "lessmore.safari-bookmarks-highlighter";
				PRODUCT_NAME = "safari-bookmarks-highlighter";
				SDKROOT = iphoneos;
				SWIFT_EMIT_LOC_STRINGS = YES;
				SWIFT_VERSION = 5.0;
				TARGETED_DEVICE_FAMILY = "1,2";
			};
			name = Debug;
		};
		D88E96232CC6A01C003152D7 /* Release */ = {
			isa = XCBuildConfiguration;
			buildSettings = {
				ASSETCATALOG_COMPILER_APPICON_NAME = AppIcon;
				ASSETCATALOG_COMPILER_GLOBAL_ACCENT_COLOR_NAME = AccentColor;
				CODE_SIGN_STYLE = Automatic;
				CURRENT_PROJECT_VERSION = 1;
				GENERATE_INFOPLIST_FILE = YES;
				INFOPLIST_FILE = "iOS (App)/Info.plist";
				INFOPLIST_KEY_CFBundleDisplayName = "safari-bookmarks-highlighter";
				INFOPLIST_KEY_UIApplicationSupportsIndirectInputEvents = YES;
				INFOPLIST_KEY_UILaunchStoryboardName = LaunchScreen;
				INFOPLIST_KEY_UIMainStoryboardFile = Main;
				INFOPLIST_KEY_UISupportedInterfaceOrientations = "UIInterfaceOrientationPortrait UIInterfaceOrientationLandscapeLeft UIInterfaceOrientationLandscapeRight";
				INFOPLIST_KEY_UISupportedInterfaceOrientations_iPad = "UIInterfaceOrientationPortrait UIInterfaceOrientationPortraitUpsideDown UIInterfaceOrientationLandscapeLeft UIInterfaceOrientationLandscapeRight";
				IPHONEOS_DEPLOYMENT_TARGET = 15.0;
				LD_RUNPATH_SEARCH_PATHS = (
					"$(inherited)",
					"@executable_path/Frameworks",
				);
				MARKETING_VERSION = 1.0;
				OTHER_LDFLAGS = (
					"-framework",
					SafariServices,
					"-framework",
					WebKit,
				);
				PRODUCT_BUNDLE_IDENTIFIER = "lessmore.safari-bookmarks-highlighter";
				PRODUCT_NAME = "safari-bookmarks-highlighter";
				SDKROOT = iphoneos;
				SWIFT_EMIT_LOC_STRINGS = YES;
				SWIFT_VERSION = 5.0;
				TARGETED_DEVICE_FAMILY = "1,2";
				VALIDATE_PRODUCT = YES;
			};
			name = Release;
		};
		D88E96272CC6A01C003152D7 /* Debug */ = {
			isa = XCBuildConfiguration;
			buildSettings = {
				CODE_SIGN_ENTITLEMENTS = "macOS (Extension)/safari-bookmarks-highlighter.entitlements";
				CODE_SIGN_STYLE = Automatic;
				CURRENT_PROJECT_VERSION = 1;
				ENABLE_HARDENED_RUNTIME = YES;
				GENERATE_INFOPLIST_FILE = YES;
				INFOPLIST_FILE = "macOS (Extension)/Info.plist";
				INFOPLIST_KEY_CFBundleDisplayName = "safari-bookmarks-highlighter Extension";
				INFOPLIST_KEY_NSHumanReadableCopyright = "";
				LD_RUNPATH_SEARCH_PATHS = (
					"$(inherited)",
					"@executable_path/../Frameworks",
					"@executable_path/../../../../Frameworks",
				);
				MACOSX_DEPLOYMENT_TARGET = 10.14;
				MARKETING_VERSION = 1.0;
				OTHER_LDFLAGS = (
					"-framework",
					SafariServices,
				);
				PRODUCT_BUNDLE_IDENTIFIER = "lessmore.safari-bookmarks-highlighter.Extension";
				PRODUCT_NAME = "safari-bookmarks-highlighter Extension";
				SDKROOT = macosx;
				SKIP_INSTALL = YES;
				SWIFT_EMIT_LOC_STRINGS = YES;
				SWIFT_VERSION = 5.0;
			};
			name = Debug;
		};
		D88E96282CC6A01C003152D7 /* Release */ = {
			isa = XCBuildConfiguration;
			buildSettings = {
				CODE_SIGN_ENTITLEMENTS = "macOS (Extension)/safari-bookmarks-highlighter.entitlements";
				CODE_SIGN_STYLE = Automatic;
				CURRENT_PROJECT_VERSION = 1;
				ENABLE_HARDENED_RUNTIME = YES;
				GENERATE_INFOPLIST_FILE = YES;
				INFOPLIST_FILE = "macOS (Extension)/Info.plist";
				INFOPLIST_KEY_CFBundleDisplayName = "safari-bookmarks-highlighter Extension";
				INFOPLIST_KEY_NSHumanReadableCopyright = "";
				LD_RUNPATH_SEARCH_PATHS = (
					"$(inherited)",
					"@executable_path/../Frameworks",
					"@executable_path/../../../../Frameworks",
				);
				MACOSX_DEPLOYMENT_TARGET = 10.14;
				MARKETING_VERSION = 1.0;
				OTHER_LDFLAGS = (
					"-framework",
					SafariServices,
				);
				PRODUCT_BUNDLE_IDENTIFIER = "lessmore.safari-bookmarks-highlighter.Extension";
				PRODUCT_NAME = "safari-bookmarks-highlighter Extension";
				SDKROOT = macosx;
				SKIP_INSTALL = YES;
				SWIFT_EMIT_LOC_STRINGS = YES;
				SWIFT_VERSION = 5.0;
			};
			name = Release;
		};
		D88E962C2CC6A01C003152D7 /* Debug */ = {
			isa = XCBuildConfiguration;
			buildSettings = {
				ASSETCATALOG_COMPILER_APPICON_NAME = AppIcon;
				ASSETCATALOG_COMPILER_GLOBAL_ACCENT_COLOR_NAME = AccentColor;
				CODE_SIGN_ENTITLEMENTS = "macOS (App)/safari-bookmarks-highlighter.entitlements";
				CODE_SIGN_STYLE = Automatic;
				CURRENT_PROJECT_VERSION = 1;
				ENABLE_HARDENED_RUNTIME = YES;
				GENERATE_INFOPLIST_FILE = YES;
				INFOPLIST_KEY_CFBundleDisplayName = "safari-bookmarks-highlighter";
				INFOPLIST_KEY_NSMainStoryboardFile = Main;
				INFOPLIST_KEY_NSPrincipalClass = NSApplication;
				LD_RUNPATH_SEARCH_PATHS = (
					"$(inherited)",
					"@executable_path/../Frameworks",
				);
				MACOSX_DEPLOYMENT_TARGET = 10.14;
				MARKETING_VERSION = 1.0;
				OTHER_LDFLAGS = (
					"-framework",
					SafariServices,
					"-framework",
					WebKit,
				);
				PRODUCT_BUNDLE_IDENTIFIER = "lessmore.safari-bookmarks-highlighter";
				PRODUCT_NAME = "safari-bookmarks-highlighter";
				SDKROOT = macosx;
				SWIFT_EMIT_LOC_STRINGS = YES;
				SWIFT_VERSION = 5.0;
			};
			name = Debug;
		};
		D88E962D2CC6A01C003152D7 /* Release */ = {
			isa = XCBuildConfiguration;
			buildSettings = {
				ASSETCATALOG_COMPILER_APPICON_NAME = AppIcon;
				ASSETCATALOG_COMPILER_GLOBAL_ACCENT_COLOR_NAME = AccentColor;
				CODE_SIGN_ENTITLEMENTS = "macOS (App)/safari-bookmarks-highlighter.entitlements";
				CODE_SIGN_STYLE = Automatic;
				CURRENT_PROJECT_VERSION = 1;
				ENABLE_HARDENED_RUNTIME = YES;
				GENERATE_INFOPLIST_FILE = YES;
				INFOPLIST_KEY_CFBundleDisplayName = "safari-bookmarks-highlighter";
				INFOPLIST_KEY_NSMainStoryboardFile = Main;
				INFOPLIST_KEY_NSPrincipalClass = NSApplication;
				LD_RUNPATH_SEARCH_PATHS = (
					"$(inherited)",
					"@executable_path/../Frameworks",
				);
				MACOSX_DEPLOYMENT_TARGET = 10.14;
				MARKETING_VERSION = 1.0;
				OTHER_LDFLAGS = (
					"-framework",
					SafariServices,
					"-framework",
					WebKit,
				);
				PRODUCT_BUNDLE_IDENTIFIER = "lessmore.safari-bookmarks-highlighter";
				PRODUCT_NAME = "safari-bookmarks-highlighter";
				SDKROOT = macosx;
				SWIFT_EMIT_LOC_STRINGS = YES;
				SWIFT_VERSION = 5.0;
			};
			name = Release;
		};
		D88E96302CC6A01C003152D7 /* Debug */ = {
			isa = XCBuildConfiguration;
			buildSettings = {
				ALWAYS_SEARCH_USER_PATHS = NO;
				ASSETCATALOG_COMPILER_GENERATE_SWIFT_ASSET_SYMBOL_EXTENSIONS = YES;
				CLANG_ANALYZER_NONNULL = YES;
				CLANG_ANALYZER_NUMBER_OBJECT_CONVERSION = YES_AGGRESSIVE;
				CLANG_CXX_LANGUAGE_STANDARD = "gnu++20";
				CLANG_ENABLE_MODULES = YES;
				CLANG_ENABLE_OBJC_ARC = YES;
				CLANG_ENABLE_OBJC_WEAK = YES;
				CLANG_WARN_BLOCK_CAPTURE_AUTORELEASING = YES;
				CLANG_WARN_BOOL_CONVERSION = YES;
				CLANG_WARN_COMMA = YES;
				CLANG_WARN_CONSTANT_CONVERSION = YES;
				CLANG_WARN_DEPRECATED_OBJC_IMPLEMENTATIONS = YES;
				CLANG_WARN_DIRECT_OBJC_ISA_USAGE = YES_ERROR;
				CLANG_WARN_DOCUMENTATION_COMMENTS = YES;
				CLANG_WARN_EMPTY_BODY = YES;
				CLANG_WARN_ENUM_CONVERSION = YES;
				CLANG_WARN_INFINITE_RECURSION = YES;
				CLANG_WARN_INT_CONVERSION = YES;
				CLANG_WARN_NON_LITERAL_NULL_CONVERSION = YES;
				CLANG_WARN_OBJC_IMPLICIT_RETAIN_SELF = YES;
				CLANG_WARN_OBJC_LITERAL_CONVERSION = YES;
				CLANG_WARN_OBJC_ROOT_CLASS = YES_ERROR;
				CLANG_WARN_QUOTED_INCLUDE_IN_FRAMEWORK_HEADER = YES;
				CLANG_WARN_RANGE_LOOP_ANALYSIS = YES;
				CLANG_WARN_STRICT_PROTOTYPES = YES;
				CLANG_WARN_SUSPICIOUS_MOVE = YES;
				CLANG_WARN_UNGUARDED_AVAILABILITY = YES_AGGRESSIVE;
				CLANG_WARN_UNREACHABLE_CODE = YES;
				CLANG_WARN__DUPLICATE_METHOD_MATCH = YES;
				COPY_PHASE_STRIP = NO;
				DEBUG_INFORMATION_FORMAT = dwarf;
				ENABLE_STRICT_OBJC_MSGSEND = YES;
				ENABLE_TESTABILITY = YES;
				ENABLE_USER_SCRIPT_SANDBOXING = YES;
				GCC_C_LANGUAGE_STANDARD = gnu17;
				GCC_DYNAMIC_NO_PIC = NO;
				GCC_NO_COMMON_BLOCKS = YES;
				GCC_OPTIMIZATION_LEVEL = 0;
				GCC_PREPROCESSOR_DEFINITIONS = (
					"DEBUG=1",
					"$(inherited)",
				);
				GCC_WARN_64_TO_32_BIT_CONVERSION = YES;
				GCC_WARN_ABOUT_RETURN_TYPE = YES_ERROR;
				GCC_WARN_UNDECLARED_SELECTOR = YES;
				GCC_WARN_UNINITIALIZED_AUTOS = YES_AGGRESSIVE;
				GCC_WARN_UNUSED_FUNCTION = YES;
				GCC_WARN_UNUSED_VARIABLE = YES;
				LOCALIZATION_PREFERS_STRING_CATALOGS = YES;
				MTL_ENABLE_DEBUG_INFO = INCLUDE_SOURCE;
				MTL_FAST_MATH = YES;
				ONLY_ACTIVE_ARCH = YES;
				SWIFT_ACTIVE_COMPILATION_CONDITIONS = "DEBUG $(inherited)";
				SWIFT_OPTIMIZATION_LEVEL = "-Onone";
			};
			name = Debug;
		};
		D88E96312CC6A01C003152D7 /* Release */ = {
			isa = XCBuildConfiguration;
			buildSettings = {
				ALWAYS_SEARCH_USER_PATHS = NO;
				ASSETCATALOG_COMPILER_GENERATE_SWIFT_ASSET_SYMBOL_EXTENSIONS = YES;
				CLANG_ANALYZER_NONNULL = YES;
				CLANG_ANALYZER_NUMBER_OBJECT_CONVERSION = YES_AGGRESSIVE;
				CLANG_CXX_LANGUAGE_STANDARD = "gnu++20";
				CLANG_ENABLE_MODULES = YES;
				CLANG_ENABLE_OBJC_ARC = YES;
				CLANG_ENABLE_OBJC_WEAK = YES;
				CLANG_WARN_BLOCK_CAPTURE_AUTORELEASING = YES;
				CLANG_WARN_BOOL_CONVERSION = YES;
				CLANG_WARN_COMMA = YES;
				CLANG_WARN_CONSTANT_CONVERSION = YES;
				CLANG_WARN_DEPRECATED_OBJC_IMPLEMENTATIONS = YES;
				CLANG_WARN_DIRECT_OBJC_ISA_USAGE = YES_ERROR;
				CLANG_WARN_DOCUMENTATION_COMMENTS = YES;
				CLANG_WARN_EMPTY_BODY = YES;
				CLANG_WARN_ENUM_CONVERSION = YES;
				CLANG_WARN_INFINITE_RECURSION = YES;
				CLANG_WARN_INT_CONVERSION = YES;
				CLANG_WARN_NON_LITERAL_NULL_CONVERSION = YES;
				CLANG_WARN_OBJC_IMPLICIT_RETAIN_SELF = YES;
				CLANG_WARN_OBJC_LITERAL_CONVERSION = YES;
				CLANG_WARN_OBJC_ROOT_CLASS = YES_ERROR;
				CLANG_WARN_QUOTED_INCLUDE_IN_FRAMEWORK_HEADER = YES;
				CLANG_WARN_RANGE_LOOP_ANALYSIS = YES;
				CLANG_WARN_STRICT_PROTOTYPES = YES;
				CLANG_WARN_SUSPICIOUS_MOVE = YES;
				CLANG_WARN_UNGUARDED_AVAILABILITY = YES_AGGRESSIVE;
				CLANG_WARN_UNREACHABLE_CODE = YES;
				CLANG_WARN__DUPLICATE_METHOD_MATCH = YES;
				COPY_PHASE_STRIP = NO;
				DEBUG_INFORMATION_FORMAT = "dwarf-with-dsym";
				ENABLE_NS_ASSERTIONS = NO;
				ENABLE_STRICT_OBJC_MSGSEND = YES;
				ENABLE_USER_SCRIPT_SANDBOXING = YES;
				GCC_C_LANGUAGE_STANDARD = gnu17;
				GCC_NO_COMMON_BLOCKS = YES;
				GCC_WARN_64_TO_32_BIT_CONVERSION = YES;
				GCC_WARN_ABOUT_RETURN_TYPE = YES_ERROR;
				GCC_WARN_UNDECLARED_SELECTOR = YES;
				GCC_WARN_UNINITIALIZED_AUTOS = YES_AGGRESSIVE;
				GCC_WARN_UNUSED_FUNCTION = YES;
				GCC_WARN_UNUSED_VARIABLE = YES;
				LOCALIZATION_PREFERS_STRING_CATALOGS = YES;
				MTL_ENABLE_DEBUG_INFO = NO;
				MTL_FAST_MATH = YES;
				SWIFT_COMPILATION_MODE = wholemodule;
			};
			name = Release;
		};
/* End XCBuildConfiguration section */

/* Begin XCConfigurationList section */
		D88E95B52CC6A01B003152D7 /* Build configuration list for PBXProject "safari-bookmarks-highlighter" */ = {
			isa = XCConfigurationList;
			buildConfigurations = (
				D88E96302CC6A01C003152D7 /* Debug */,
				D88E96312CC6A01C003152D7 /* Release */,
			);
			defaultConfigurationIsVisible = 0;
			defaultConfigurationName = Release;
		};
		D88E961C2CC6A01C003152D7 /* Build configuration list for PBXNativeTarget "safari-bookmarks-highlighter Extension (iOS)" */ = {
			isa = XCConfigurationList;
			buildConfigurations = (
				D88E961D2CC6A01C003152D7 /* Debug */,
				D88E961E2CC6A01C003152D7 /* Release */,
			);
			defaultConfigurationIsVisible = 0;
			defaultConfigurationName = Release;
		};
		D88E96212CC6A01C003152D7 /* Build configuration list for PBXNativeTarget "safari-bookmarks-highlighter (iOS)" */ = {
			isa = XCConfigurationList;
			buildConfigurations = (
				D88E96222CC6A01C003152D7 /* Debug */,
				D88E96232CC6A01C003152D7 /* Release */,
			);
			defaultConfigurationIsVisible = 0;
			defaultConfigurationName = Release;
		};
		D88E96262CC6A01C003152D7 /* Build configuration list for PBXNativeTarget "safari-bookmarks-highlighter Extension (macOS)" */ = {
			isa = XCConfigurationList;
			buildConfigurations = (
				D88E96272CC6A01C003152D7 /* Debug */,
				D88E96282CC6A01C003152D7 /* Release */,
			);
			defaultConfigurationIsVisible = 0;
			defaultConfigurationName = Release;
		};
		D88E962B2CC6A01C003152D7 /* Build configuration list for PBXNativeTarget "safari-bookmarks-highlighter (macOS)" */ = {
			isa = XCConfigurationList;
			buildConfigurations = (
				D88E962C2CC6A01C003152D7 /* Debug */,
				D88E962D2CC6A01C003152D7 /* Release */,
			);
			defaultConfigurationIsVisible = 0;
			defaultConfigurationName = Release;
		};
/* End XCConfigurationList section */
	};
	rootObject = D88E95B22CC6A01B003152D7 /* Project object */;
}
